
Microsoft Visual Studio Solution File, Format Version 12.00
# Visual Studio Version 16
VisualStudioVersion = 16.0.29123.88
MinimumVisualStudioVersion = 10.0.40219.1
Project("{FAE04EC0-301F-11D3-BF4B-00C04F79EFBC}") = "SUBROUTINEPASSWORDTJH", "SUBROUTINEPASSWORDTJH\SUBROUTINEPASSWORDTJH.csproj", "{545FD837-A9A9-40C2-AAA3-E8A39DDE28E3}"
EndProject
Global
	GlobalSection(SolutionConfigurationPlatforms) = preSolution
		Debug|Any CPU = Debug|Any CPU
		Release|Any CPU = Release|Any CPU
	EndGlobalSection
	GlobalSection(ProjectConfigurationPlatforms) = postSolution
		{545FD837-A9A9-40C2-AAA3-E8A39DDE28E3}.Debug|Any CPU.ActiveCfg = Debug|Any CPU
		{545FD837-A9A9-40C2-AAA3-E8A39DDE28E3}.Debug|Any CPU.Build.0 = Debug|Any CPU
		{545FD837-A9A9-40C2-AAA3-E8A39DDE28E3}.Release|Any CPU.ActiveCfg = Release|Any CPU
		{545FD837-A9A9-40C2-AAA3-E8A39DDE28E3}.Release|Any CPU.Build.0 = Release|Any CPU
	EndGlobalSection
	GlobalSection(SolutionProperties) = preSolution
		HideSolutionNode = FALSE
	EndGlobalSection
	GlobalSection(ExtensibilityGlobals) = postSolution
		SolutionGuid = {CB7AEA04-CF9C-4665-BD1F-AD8F98AEDFEE}
	EndGlobalSection
EndGlobal
